
Microsoft Visual Studio Solution File, Format Version 12.00
# Visual Studio 14
VisualStudioVersion = 14.0.25420.1
MinimumVisualStudioVersion = 10.0.40219.1
Project("{2150E333-8FDC-42A3-9474-1A3956D46DE8}") = "Solution Items", "Solution Items", "{235AA06D-5767-49D1-88F3-F25383FE1CAA}"
	ProjectSection(SolutionItems) = preProject
		.editorconfig = .editorconfig
		..\build.proj = ..\build.proj
		..\GitInfo.txt = ..\GitInfo.txt
		GlobalAssemblyInfo.cs = GlobalAssemblyInfo.cs
		Moq.Proxy.Shared.props = Moq.Proxy.Shared.props
		Moq.Proxy.Shared.targets = Moq.Proxy.Shared.targets
		..\README.md = ..\README.md
	EndProjectSection
EndProject
Project("{FAE04EC0-301F-11D3-BF4B-00C04F79EFBC}") = "Moq.Proxy", "Moq.Proxy\Moq.Proxy.csproj", "{8305A89C-4303-4C06-842B-5BFCDEBFFF25}"
EndProject
Project("{FAE04EC0-301F-11D3-BF4B-00C04F79EFBC}") = "Moq.Proxy.Castle", "Moq.Proxy.Castle\Moq.Proxy.Castle.csproj", "{A4389281-E3DB-4E94-A9AF-D9240A824928}"
EndProject
Project("{FAE04EC0-301F-11D3-BF4B-00C04F79EFBC}") = "Moq.Proxy.Tests", "Moq.Proxy.Tests\Moq.Proxy.Tests.csproj", "{80B0EBD7-F407-4EB6-9E50-3C188F774C70}"
EndProject
Project("{FAE04EC0-301F-11D3-BF4B-00C04F79EFBC}") = "Moq.Proxy.LinFu", "Moq.Proxy.LinFu\Moq.Proxy.LinFu.csproj", "{B16E21DF-158F-47A6-8BAB-64CD0BD95E12}"
EndProject
Project("{FAE04EC0-301F-11D3-BF4B-00C04F79EFBC}") = "FakeMoq", "FakeMoq\FakeMoq.csproj", "{75857261-551B-4FE1-B690-EB628B66F3EF}"
EndProject
Project("{FAE04EC0-301F-11D3-BF4B-00C04F79EFBC}") = "Moq.Proxy.Generator", "Moq.Proxy.Generator\Moq.Proxy.Generator.csproj", "{8370C610-75F0-4D0B-8E8A-CA5775DE0685}"
EndProject
Project("{FAE04EC0-301F-11D3-BF4B-00C04F79EFBC}") = "FakeMoq.Tests", "FakeMoq.Tests\FakeMoq.Tests.csproj", "{F990B687-E8E4-41CA-93C0-14DF9FF72F90}"
EndProject
Global
	GlobalSection(SolutionConfigurationPlatforms) = preSolution
		Debug|Any CPU = Debug|Any CPU
		Release|Any CPU = Release|Any CPU
	EndGlobalSection
	GlobalSection(ProjectConfigurationPlatforms) = postSolution
		{8305A89C-4303-4C06-842B-5BFCDEBFFF25}.Debug|Any CPU.ActiveCfg = Debug|Any CPU
		{8305A89C-4303-4C06-842B-5BFCDEBFFF25}.Debug|Any CPU.Build.0 = Debug|Any CPU
		{8305A89C-4303-4C06-842B-5BFCDEBFFF25}.Release|Any CPU.ActiveCfg = Release|Any CPU
		{8305A89C-4303-4C06-842B-5BFCDEBFFF25}.Release|Any CPU.Build.0 = Release|Any CPU
		{A4389281-E3DB-4E94-A9AF-D9240A824928}.Debug|Any CPU.ActiveCfg = Debug|Any CPU
		{A4389281-E3DB-4E94-A9AF-D9240A824928}.Debug|Any CPU.Build.0 = Debug|Any CPU
		{A4389281-E3DB-4E94-A9AF-D9240A824928}.Release|Any CPU.ActiveCfg = Release|Any CPU
		{A4389281-E3DB-4E94-A9AF-D9240A824928}.Release|Any CPU.Build.0 = Release|Any CPU
		{80B0EBD7-F407-4EB6-9E50-3C188F774C70}.Debug|Any CPU.ActiveCfg = Debug|Any CPU
		{80B0EBD7-F407-4EB6-9E50-3C188F774C70}.Debug|Any CPU.Build.0 = Debug|Any CPU
		{80B0EBD7-F407-4EB6-9E50-3C188F774C70}.Release|Any CPU.ActiveCfg = Release|Any CPU
		{80B0EBD7-F407-4EB6-9E50-3C188F774C70}.Release|Any CPU.Build.0 = Release|Any CPU
		{B16E21DF-158F-47A6-8BAB-64CD0BD95E12}.Debug|Any CPU.ActiveCfg = Debug|Any CPU
		{B16E21DF-158F-47A6-8BAB-64CD0BD95E12}.Debug|Any CPU.Build.0 = Debug|Any CPU
		{B16E21DF-158F-47A6-8BAB-64CD0BD95E12}.Release|Any CPU.ActiveCfg = Release|Any CPU
		{B16E21DF-158F-47A6-8BAB-64CD0BD95E12}.Release|Any CPU.Build.0 = Release|Any CPU
		{75857261-551B-4FE1-B690-EB628B66F3EF}.Debug|Any CPU.ActiveCfg = Debug|Any CPU
		{75857261-551B-4FE1-B690-EB628B66F3EF}.Debug|Any CPU.Build.0 = Debug|Any CPU
		{75857261-551B-4FE1-B690-EB628B66F3EF}.Release|Any CPU.ActiveCfg = Release|Any CPU
		{75857261-551B-4FE1-B690-EB628B66F3EF}.Release|Any CPU.Build.0 = Release|Any CPU
		{8370C610-75F0-4D0B-8E8A-CA5775DE0685}.Debug|Any CPU.ActiveCfg = Debug|Any CPU
		{8370C610-75F0-4D0B-8E8A-CA5775DE0685}.Debug|Any CPU.Build.0 = Debug|Any CPU
		{8370C610-75F0-4D0B-8E8A-CA5775DE0685}.Release|Any CPU.ActiveCfg = Release|Any CPU
		{8370C610-75F0-4D0B-8E8A-CA5775DE0685}.Release|Any CPU.Build.0 = Release|Any CPU
		{F990B687-E8E4-41CA-93C0-14DF9FF72F90}.Debug|Any CPU.ActiveCfg = Debug|Any CPU
		{F990B687-E8E4-41CA-93C0-14DF9FF72F90}.Debug|Any CPU.Build.0 = Debug|Any CPU
		{F990B687-E8E4-41CA-93C0-14DF9FF72F90}.Release|Any CPU.ActiveCfg = Release|Any CPU
		{F990B687-E8E4-41CA-93C0-14DF9FF72F90}.Release|Any CPU.Build.0 = Release|Any CPU
	EndGlobalSection
	GlobalSection(SolutionProperties) = preSolution
		HideSolutionNode = FALSE
	EndGlobalSection
EndGlobal
